
Microsoft Visual Studio Solution File, Format Version 12.00
# Visual Studio Version 17
VisualStudioVersion = 17.0.32112.339
MinimumVisualStudioVersion = 10.0.40219.1
Project("{FAE04EC0-301F-11D3-BF4B-00C04F79EFBC}") = "0208PamokaGenerics", "0208PamokaGenerics\0208PamokaGenerics.csproj", "{1A7473B9-26F3-4D12-B392-F09E20AB8CE6}"
EndProject
Global
	GlobalSection(SolutionConfigurationPlatforms) = preSolution
		Debug|Any CPU = Debug|Any CPU
		Release|Any CPU = Release|Any CPU
	EndGlobalSection
	GlobalSection(ProjectConfigurationPlatforms) = postSolution
		{1A7473B9-26F3-4D12-B392-F09E20AB8CE6}.Debug|Any CPU.ActiveCfg = Debug|Any CPU
		{1A7473B9-26F3-4D12-B392-F09E20AB8CE6}.Debug|Any CPU.Build.0 = Debug|Any CPU
		{1A7473B9-26F3-4D12-B392-F09E20AB8CE6}.Release|Any CPU.ActiveCfg = Release|Any CPU
		{1A7473B9-26F3-4D12-B392-F09E20AB8CE6}.Release|Any CPU.Build.0 = Release|Any CPU
	EndGlobalSection
	GlobalSection(SolutionProperties) = preSolution
		HideSolutionNode = FALSE
	EndGlobalSection
	GlobalSection(ExtensibilityGlobals) = postSolution
		SolutionGuid = {45392788-9E37-4CA1-9EC6-C2E1E0B9B819}
	EndGlobalSection
EndGlobal
